<Solution>
  <Folder Name="/src/">
    <Project Path="src/EnterpriseRag.Core.Application/EnterpriseRag.Core.Application.csproj" />
    <Project Path="src/EnterpriseRag.Core.Domain/EnterpriseRag.Core.Domain.csproj" />
    <Project Path="src/EnterpriseRag.Infrastructure/EnterpriseRag.Infrastructure.csproj" />
    <Project Path="src/EnterpriseRag.IoC/EnterpriseRag.IoC.csproj" />
    <Project Path="src/EnterpriseRag.Presentation.WebApi/EnterpriseRag.Presentation.WebApi.csproj" />
  </Folder>
</Solution>
